
Microsoft Visual Studio Solution File, Format Version 12.00
# Visual Studio 15
Project("{FAE04EC0-301F-11D3-BF4B-00C04F79EFBC}") = "Assembly-CSharp", "Assembly-CSharp.csproj", "{CB08F3D5-4326-E10B-BAD7-3E1736412406}"
EndProject
Global
	GlobalSection(SolutionConfigurationPlatforms) = preSolution
		Debug|Any CPU = Debug|Any CPU
		Release|Any CPU = Release|Any CPU
	EndGlobalSection
	GlobalSection(ProjectConfigurationPlatforms) = postSolution
		{CB08F3D5-4326-E10B-BAD7-3E1736412406}.Debug|Any CPU.ActiveCfg = Debug|Any CPU
		{CB08F3D5-4326-E10B-BAD7-3E1736412406}.Debug|Any CPU.Build.0 = Debug|Any CPU
		{CB08F3D5-4326-E10B-BAD7-3E1736412406}.Release|Any CPU.ActiveCfg = Release|Any CPU
		{CB08F3D5-4326-E10B-BAD7-3E1736412406}.Release|Any CPU.Build.0 = Release|Any CPU
	EndGlobalSection
	GlobalSection(SolutionProperties) = preSolution
		HideSolutionNode = FALSE
	EndGlobalSection
EndGlobal
